// !$*UTF8*$!
{
	archiveVersion = 1;
	classes = {
	};
	objectVersion = 48;
	objects = {

/* Begin PBXBuildFile section */
		680956ED209911EC00035679 /* AppDelegate.swift in Sources */ = {isa = PBXBuildFile; fileRef = 680956EC209911EC00035679 /* AppDelegate.swift */; };
		680956EF209911EC00035679 /* MapVC.swift in Sources */ = {isa = PBXBuildFile; fileRef = 680956EE209911EC00035679 /* MapVC.swift */; };
		680956F2209911EC00035679 /* Main.storyboard in Resources */ = {isa = PBXBuildFile; fileRef = 680956F0209911EC00035679 /* Main.storyboard */; };
		680956F4209911F000035679 /* Assets.xcassets in Resources */ = {isa = PBXBuildFile; fileRef = 680956F3209911F000035679 /* Assets.xcassets */; };
		680956F7209911F000035679 /* LaunchScreen.storyboard in Resources */ = {isa = PBXBuildFile; fileRef = 680956F5209911F000035679 /* LaunchScreen.storyboard */; };
		68CB197E20A9040200FFE9BA /* PhotoCell.swift in Sources */ = {isa = PBXBuildFile; fileRef = 68CB197D20A9040200FFE9BA /* PhotoCell.swift */; };
		68CB198020A90B2C00FFE9BA /* Constants.swift in Sources */ = {isa = PBXBuildFile; fileRef = 68CB197F20A90B2C00FFE9BA /* Constants.swift */; };
		68FDF12E209FC8340096D4B4 /* DroppablePin.swift in Sources */ = {isa = PBXBuildFile; fileRef = 68FDF12D209FC8340096D4B4 /* DroppablePin.swift */; };
		B524B756210B36FD00E68B21 /* PopVC.swift in Sources */ = {isa = PBXBuildFile; fileRef = B524B755210B36FD00E68B21 /* PopVC.swift */; };
		D02C8813CCF62154AB93FCE4 /* Pods_pigxel_city.framework in Frameworks */ = {isa = PBXBuildFile; fileRef = 7AB0E4D07651338D6B29F1AB /* Pods_pigxel_city.framework */; };
/* End PBXBuildFile section */

/* Begin PBXFileReference section */
		680956E9209911EC00035679 /* pigxel-city.app */ = {isa = PBXFileReference; explicitFileType = wrapper.application; includeInIndex = 0; path = "pigxel-city.app"; sourceTree = BUILT_PRODUCTS_DIR; };
		680956EC209911EC00035679 /* AppDelegate.swift */ = {isa = PBXFileReference; lastKnownFileType = sourcecode.swift; path = AppDelegate.swift; sourceTree = "<group>"; };
		680956EE209911EC00035679 /* MapVC.swift */ = {isa = PBXFileReference; lastKnownFileType = sourcecode.swift; path = MapVC.swift; sourceTree = "<group>"; };
		680956F1209911EC00035679 /* Base */ = {isa = PBXFileReference; lastKnownFileType = file.storyboard; name = Base; path = Base.lproj/Main.storyboard; sourceTree = "<group>"; };
		680956F3209911F000035679 /* Assets.xcassets */ = {isa = PBXFileReference; lastKnownFileType = folder.assetcatalog; path = Assets.xcassets; sourceTree = "<group>"; };
		680956F6209911F000035679 /* Base */ = {isa = PBXFileReference; lastKnownFileType = file.storyboard; name = Base; path = Base.lproj/LaunchScreen.storyboard; sourceTree = "<group>"; };
		680956F8209911F000035679 /* Info.plist */ = {isa = PBXFileReference; lastKnownFileType = text.plist.xml; path = Info.plist; sourceTree = "<group>"; };
		68CB197D20A9040200FFE9BA /* PhotoCell.swift */ = {isa = PBXFileReference; lastKnownFileType = sourcecode.swift; path = PhotoCell.swift; sourceTree = "<group>"; };
		68CB197F20A90B2C00FFE9BA /* Constants.swift */ = {isa = PBXFileReference; lastKnownFileType = sourcecode.swift; path = Constants.swift; sourceTree = "<group>"; };
		68FDF12D209FC8340096D4B4 /* DroppablePin.swift */ = {isa = PBXFileReference; lastKnownFileType = sourcecode.swift; path = DroppablePin.swift; sourceTree = "<group>"; };
		7AB0E4D07651338D6B29F1AB /* Pods_pigxel_city.framework */ = {isa = PBXFileReference; explicitFileType = wrapper.framework; includeInIndex = 0; path = Pods_pigxel_city.framework; sourceTree = BUILT_PRODUCTS_DIR; };
		8163BCCB57A19EACE22CF295 /* Pods-pigxel-city.release.xcconfig */ = {isa = PBXFileReference; includeInIndex = 1; lastKnownFileType = text.xcconfig; name = "Pods-pigxel-city.release.xcconfig"; path = "Pods/Target Support Files/Pods-pigxel-city/Pods-pigxel-city.release.xcconfig"; sourceTree = "<group>"; };
		B524B755210B36FD00E68B21 /* PopVC.swift */ = {isa = PBXFileReference; fileEncoding = 4; lastKnownFileType = sourcecode.swift; path = PopVC.swift; sourceTree = "<group>"; };
		D81371775B9736984808695E /* Pods-pigxel-city.debug.xcconfig */ = {isa = PBXFileReference; includeInIndex = 1; lastKnownFileType = text.xcconfig; name = "Pods-pigxel-city.debug.xcconfig"; path = "Pods/Target Support Files/Pods-pigxel-city/Pods-pigxel-city.debug.xcconfig"; sourceTree = "<group>"; };
/* End PBXFileReference section */

/* Begin PBXFrameworksBuildPhase section */
		680956E6209911EC00035679 /* Frameworks */ = {
			isa = PBXFrameworksBuildPhase;
			buildActionMask = 2147483647;
			files = (
				D02C8813CCF62154AB93FCE4 /* Pods_pigxel_city.framework in Frameworks */,
			);
			runOnlyForDeploymentPostprocessing = 0;
		};
/* End PBXFrameworksBuildPhase section */

/* Begin PBXGroup section */
		0177219E6CBC3F05502F874A /* Pods */ = {
			isa = PBXGroup;
			children = (
				D81371775B9736984808695E /* Pods-pigxel-city.debug.xcconfig */,
				8163BCCB57A19EACE22CF295 /* Pods-pigxel-city.release.xcconfig */,
			);
			name = Pods;
			sourceTree = "<group>";
		};
		680956E0209911EC00035679 = {
			isa = PBXGroup;
			children = (
				680956EB209911EC00035679 /* pigxel-city */,
				680956EA209911EC00035679 /* Products */,
				0177219E6CBC3F05502F874A /* Pods */,
				E43D21D681FEB72D8834307D /* Frameworks */,
			);
			sourceTree = "<group>";
		};
		680956EA209911EC00035679 /* Products */ = {
			isa = PBXGroup;
			children = (
				680956E9209911EC00035679 /* pigxel-city.app */,
			);
			name = Products;
			sourceTree = "<group>";
		};
		680956EB209911EC00035679 /* pigxel-city */ = {
			isa = PBXGroup;
			children = (
				680957022099171A00035679 /* Utilities */,
				68095700209916E100035679 /* Extentions */,
				680956FF2099169900035679 /* View */,
				680956FE2099167000035679 /* Controller */,
				680956EC209911EC00035679 /* AppDelegate.swift */,
				680956F0209911EC00035679 /* Main.storyboard */,
				680956F3209911F000035679 /* Assets.xcassets */,
				680956F5209911F000035679 /* LaunchScreen.storyboard */,
				680956F8209911F000035679 /* Info.plist */,
			);
			path = "pigxel-city";
			sourceTree = "<group>";
		};
		680956FE2099167000035679 /* Controller */ = {
			isa = PBXGroup;
			children = (
				B524B755210B36FD00E68B21 /* PopVC.swift */,
				680956EE209911EC00035679 /* MapVC.swift */,
			);
			path = Controller;
			sourceTree = "<group>";
		};
		680956FF2099169900035679 /* View */ = {
			isa = PBXGroup;
			children = (
				68FDF12D209FC8340096D4B4 /* DroppablePin.swift */,
				68CB197D20A9040200FFE9BA /* PhotoCell.swift */,
			);
			path = View;
			sourceTree = "<group>";
		};
		68095700209916E100035679 /* Extentions */ = {
			isa = PBXGroup;
			children = (
			);
			path = Extentions;
			sourceTree = "<group>";
		};
		680957022099171A00035679 /* Utilities */ = {
			isa = PBXGroup;
			children = (
				68CB197F20A90B2C00FFE9BA /* Constants.swift */,
			);
			path = Utilities;
			sourceTree = "<group>";
		};
		E43D21D681FEB72D8834307D /* Frameworks */ = {
			isa = PBXGroup;
			children = (
				7AB0E4D07651338D6B29F1AB /* Pods_pigxel_city.framework */,
			);
			name = Frameworks;
			sourceTree = "<group>";
		};
/* End PBXGroup section */

/* Begin PBXNativeTarget section */
		680956E8209911EC00035679 /* pigxel-city */ = {
			isa = PBXNativeTarget;
			buildConfigurationList = 680956FB209911F000035679 /* Build configuration list for PBXNativeTarget "pigxel-city" */;
			buildPhases = (
				B4C1C3F5E24101623B2B2C2F /* [CP] Check Pods Manifest.lock */,
				680956E5209911EC00035679 /* Sources */,
				680956E6209911EC00035679 /* Frameworks */,
				680956E7209911EC00035679 /* Resources */,
				BB16C9E3B49B86619C7DF2F1 /* [CP] Embed Pods Frameworks */,
			);
			buildRules = (
			);
			dependencies = (
			);
			name = "pigxel-city";
			productName = "pigxel-city";
			productReference = 680956E9209911EC00035679 /* pigxel-city.app */;
			productType = "com.apple.product-type.application";
		};
/* End PBXNativeTarget section */

/* Begin PBXProject section */
		680956E1209911EC00035679 /* Project object */ = {
			isa = PBXProject;
			attributes = {
				LastSwiftUpdateCheck = 0930;
				LastUpgradeCheck = 0930;
				ORGANIZATIONNAME = "Denis Rakitin";
				TargetAttributes = {
					680956E8209911EC00035679 = {
						CreatedOnToolsVersion = 9.3;
						LastSwiftMigration = 1000;
						ProvisioningStyle = Automatic;
					};
				};
			};
			buildConfigurationList = 680956E4209911EC00035679 /* Build configuration list for PBXProject "pigxel-city" */;
			compatibilityVersion = "Xcode 8.0";
			developmentRegion = en;
			hasScannedForEncodings = 0;
			knownRegions = (
				en,
				Base,
			);
			mainGroup = 680956E0209911EC00035679;
			productRefGroup = 680956EA209911EC00035679 /* Products */;
			projectDirPath = "";
			projectRoot = "";
			targets = (
				680956E8209911EC00035679 /* pigxel-city */,
			);
		};
/* End PBXProject section */

/* Begin PBXResourcesBuildPhase section */
		680956E7209911EC00035679 /* Resources */ = {
			isa = PBXResourcesBuildPhase;
			buildActionMask = 2147483647;
			files = (
				680956F7209911F000035679 /* LaunchScreen.storyboard in Resources */,
				680956F4209911F000035679 /* Assets.xcassets in Resources */,
				680956F2209911EC00035679 /* Main.storyboard in Resources */,
			);
			runOnlyForDeploymentPostprocessing = 0;
		};
/* End PBXResourcesBuildPhase section */

/* Begin PBXShellScriptBuildPhase section */
		B4C1C3F5E24101623B2B2C2F /* [CP] Check Pods Manifest.lock */ = {
			isa = PBXShellScriptBuildPhase;
			buildActionMask = 2147483647;
			files = (
			);
			inputPaths = (
				"${PODS_PODFILE_DIR_PATH}/Podfile.lock",
				"${PODS_ROOT}/Manifest.lock",
			);
			name = "[CP] Check Pods Manifest.lock";
			outputPaths = (
				"$(DERIVED_FILE_DIR)/Pods-pigxel-city-checkManifestLockResult.txt",
			);
			runOnlyForDeploymentPostprocessing = 0;
			shellPath = /bin/sh;
			shellScript = "diff \"${PODS_PODFILE_DIR_PATH}/Podfile.lock\" \"${PODS_ROOT}/Manifest.lock\" > /dev/null\nif [ $? != 0 ] ; then\n    # print error to STDERR\n    echo \"error: The sandbox is not in sync with the Podfile.lock. Run 'pod install' or update your CocoaPods installation.\" >&2\n    exit 1\nfi\n# This output is used by Xcode 'outputs' to avoid re-running this script phase.\necho \"SUCCESS\" > \"${SCRIPT_OUTPUT_FILE_0}\"\n";
			showEnvVarsInLog = 0;
		};
		BB16C9E3B49B86619C7DF2F1 /* [CP] Embed Pods Frameworks */ = {
			isa = PBXShellScriptBuildPhase;
			buildActionMask = 2147483647;
			files = (
			);
			inputPaths = (
				"${SRCROOT}/Pods/Target Support Files/Pods-pigxel-city/Pods-pigxel-city-frameworks.sh",
				"${BUILT_PRODUCTS_DIR}/Alamofire/Alamofire.framework",
				"${BUILT_PRODUCTS_DIR}/AlamofireImage/AlamofireImage.framework",
			);
			name = "[CP] Embed Pods Frameworks";
			outputPaths = (
				"${TARGET_BUILD_DIR}/${FRAMEWORKS_FOLDER_PATH}/Alamofire.framework",
				"${TARGET_BUILD_DIR}/${FRAMEWORKS_FOLDER_PATH}/AlamofireImage.framework",
			);
			runOnlyForDeploymentPostprocessing = 0;
			shellPath = /bin/sh;
			shellScript = "\"${SRCROOT}/Pods/Target Support Files/Pods-pigxel-city/Pods-pigxel-city-frameworks.sh\"\n";
			showEnvVarsInLog = 0;
		};
/* End PBXShellScriptBuildPhase section */

/* Begin PBXSourcesBuildPhase section */
		680956E5209911EC00035679 /* Sources */ = {
			isa = PBXSourcesBuildPhase;
			buildActionMask = 2147483647;
			files = (
				68CB198020A90B2C00FFE9BA /* Constants.swift in Sources */,
				B524B756210B36FD00E68B21 /* PopVC.swift in Sources */,
				68CB197E20A9040200FFE9BA /* PhotoCell.swift in Sources */,
				680956EF209911EC00035679 /* MapVC.swift in Sources */,
				68FDF12E209FC8340096D4B4 /* DroppablePin.swift in Sources */,
				680956ED209911EC00035679 /* AppDelegate.swift in Sources */,
			);
			runOnlyForDeploymentPostprocessing = 0;
		};
/* End PBXSourcesBuildPhase section */

/* Begin PBXVariantGroup section */
		680956F0209911EC00035679 /* Main.storyboard */ = {
			isa = PBXVariantGroup;
			children = (
				680956F1209911EC00035679 /* Base */,
			);
			name = Main.storyboard;
			sourceTree = "<group>";
		};
		680956F5209911F000035679 /* LaunchScreen.storyboard */ = {
			isa = PBXVariantGroup;
			children = (
				680956F6209911F000035679 /* Base */,
			);
			name = LaunchScreen.storyboard;
			sourceTree = "<group>";
		};
/* End PBXVariantGroup section */

/* Begin XCBuildConfiguration section */
		680956F9209911F000035679 /* Debug */ = {
			isa = XCBuildConfiguration;
			buildSettings = {
				ALWAYS_SEARCH_USER_PATHS = NO;
				CLANG_ANALYZER_NONNULL = YES;
				CLANG_ANALYZER_NUMBER_OBJECT_CONVERSION = YES_AGGRESSIVE;
				CLANG_CXX_LANGUAGE_STANDARD = "gnu++14";
				CLANG_CXX_LIBRARY = "libc++";
				CLANG_ENABLE_MODULES = YES;
				CLANG_ENABLE_OBJC_ARC = YES;
				CLANG_ENABLE_OBJC_WEAK = YES;
				CLANG_WARN_BLOCK_CAPTURE_AUTORELEASING = YES;
				CLANG_WARN_BOOL_CONVERSION = YES;
				CLANG_WARN_COMMA = YES;
				CLANG_WARN_CONSTANT_CONVERSION = YES;
				CLANG_WARN_DEPRECATED_OBJC_IMPLEMENTATIONS = YES;
				CLANG_WARN_DIRECT_OBJC_ISA_USAGE = YES_ERROR;
				CLANG_WARN_DOCUMENTATION_COMMENTS = YES;
				CLANG_WARN_EMPTY_BODY = YES;
				CLANG_WARN_ENUM_CONVERSION = YES;
				CLANG_WARN_INFINITE_RECURSION = YES;
				CLANG_WARN_INT_CONVERSION = YES;
				CLANG_WARN_NON_LITERAL_NULL_CONVERSION = YES;
				CLANG_WARN_OBJC_IMPLICIT_RETAIN_SELF = YES;
				CLANG_WARN_OBJC_LITERAL_CONVERSION = YES;
				CLANG_WARN_OBJC_ROOT_CLASS = YES_ERROR;
				CLANG_WARN_RANGE_LOOP_ANALYSIS = YES;
				CLANG_WARN_STRICT_PROTOTYPES = YES;
				CLANG_WARN_SUSPICIOUS_MOVE = YES;
				CLANG_WARN_UNGUARDED_AVAILABILITY = YES_AGGRESSIVE;
				CLANG_WARN_UNREACHABLE_CODE = YES;
				CLANG_WARN__DUPLICATE_METHOD_MATCH = YES;
				CODE_SIGN_IDENTITY = "iPhone Developer";
				COPY_PHASE_STRIP = NO;
				DEBUG_INFORMATION_FORMAT = dwarf;
				ENABLE_STRICT_OBJC_MSGSEND = YES;
				ENABLE_TESTABILITY = YES;
				GCC_C_LANGUAGE_STANDARD = gnu11;
				GCC_DYNAMIC_NO_PIC = NO;
				GCC_NO_COMMON_BLOCKS = YES;
				GCC_OPTIMIZATION_LEVEL = 0;
				GCC_PREPROCESSOR_DEFINITIONS = (
					"DEBUG=1",
					"$(inherited)",
				);
				GCC_WARN_64_TO_32_BIT_CONVERSION = YES;
				GCC_WARN_ABOUT_RETURN_TYPE = YES_ERROR;
				GCC_WARN_UNDECLARED_SELECTOR = YES;
				GCC_WARN_UNINITIALIZED_AUTOS = YES_AGGRESSIVE;
				GCC_WARN_UNUSED_FUNCTION = YES;
				GCC_WARN_UNUSED_VARIABLE = YES;
				IPHONEOS_DEPLOYMENT_TARGET = 11.3;
				MTL_ENABLE_DEBUG_INFO = YES;
				ONLY_ACTIVE_ARCH = YES;
				SDKROOT = iphoneos;
				SWIFT_ACTIVE_COMPILATION_CONDITIONS = DEBUG;
				SWIFT_OPTIMIZATION_LEVEL = "-Onone";
			};
			name = Debug;
		};
		680956FA209911F000035679 /* Release */ = {
			isa = XCBuildConfiguration;
			buildSettings = {
				ALWAYS_SEARCH_USER_PATHS = NO;
				CLANG_ANALYZER_NONNULL = YES;
				CLANG_ANALYZER_NUMBER_OBJECT_CONVERSION = YES_AGGRESSIVE;
				CLANG_CXX_LANGUAGE_STANDARD = "gnu++14";
				CLANG_CXX_LIBRARY = "libc++";
				CLANG_ENABLE_MODULES = YES;
				CLANG_ENABLE_OBJC_ARC = YES;
				CLANG_ENABLE_OBJC_WEAK = YES;
				CLANG_WARN_BLOCK_CAPTURE_AUTORELEASING = YES;
				CLANG_WARN_BOOL_CONVERSION = YES;
				CLANG_WARN_COMMA = YES;
				CLANG_WARN_CONSTANT_CONVERSION = YES;
				CLANG_WARN_DEPRECATED_OBJC_IMPLEMENTATIONS = YES;
				CLANG_WARN_DIRECT_OBJC_ISA_USAGE = YES_ERROR;
				CLANG_WARN_DOCUMENTATION_COMMENTS = YES;
				CLANG_WARN_EMPTY_BODY = YES;
				CLANG_WARN_ENUM_CONVERSION = YES;
				CLANG_WARN_INFINITE_RECURSION = YES;
				CLANG_WARN_INT_CONVERSION = YES;
				CLANG_WARN_NON_LITERAL_NULL_CONVERSION = YES;
				CLANG_WARN_OBJC_IMPLICIT_RETAIN_SELF = YES;
				CLANG_WARN_OBJC_LITERAL_CONVERSION = YES;
				CLANG_WARN_OBJC_ROOT_CLASS = YES_ERROR;
				CLANG_WARN_RANGE_LOOP_ANALYSIS = YES;
				CLANG_WARN_STRICT_PROTOTYPES = YES;
				CLANG_WARN_SUSPICIOUS_MOVE = YES;
				CLANG_WARN_UNGUARDED_AVAILABILITY = YES_AGGRESSIVE;
				CLANG_WARN_UNREACHABLE_CODE = YES;
				CLANG_WARN__DUPLICATE_METHOD_MATCH = YES;
				CODE_SIGN_IDENTITY = "iPhone Developer";
				COPY_PHASE_STRIP = NO;
				DEBUG_INFORMATION_FORMAT = "dwarf-with-dsym";
				ENABLE_NS_ASSERTIONS = NO;
				ENABLE_STRICT_OBJC_MSGSEND = YES;
				GCC_C_LANGUAGE_STANDARD = gnu11;
				GCC_NO_COMMON_BLOCKS = YES;
				GCC_WARN_64_TO_32_BIT_CONVERSION = YES;
				GCC_WARN_ABOUT_RETURN_TYPE = YES_ERROR;
				GCC_WARN_UNDECLARED_SELECTOR = YES;
				GCC_WARN_UNINITIALIZED_AUTOS = YES_AGGRESSIVE;
				GCC_WARN_UNUSED_FUNCTION = YES;
				GCC_WARN_UNUSED_VARIABLE = YES;
				IPHONEOS_DEPLOYMENT_TARGET = 11.3;
				MTL_ENABLE_DEBUG_INFO = NO;
				SDKROOT = iphoneos;
				SWIFT_OPTIMIZATION_LEVEL = "-Owholemodule";
				VALIDATE_PRODUCT = YES;
			};
			name = Release;
		};
		680956FC209911F000035679 /* Debug */ = {
			isa = XCBuildConfiguration;
			baseConfigurationReference = D81371775B9736984808695E /* Pods-pigxel-city.debug.xcconfig */;
			buildSettings = {
				ASSETCATALOG_COMPILER_APPICON_NAME = AppIcon;
				CODE_SIGN_STYLE = Automatic;
				DEVELOPMENT_TEAM = 9X329BRT6C;
				INFOPLIST_FILE = "pigxel-city/Info.plist";
				LD_RUNPATH_SEARCH_PATHS = "$(inherited) @executable_path/Frameworks";
				PRODUCT_BUNDLE_IDENTIFIER = "FannyFarm.pigxel-city";
				PRODUCT_NAME = "$(TARGET_NAME)";
				SWIFT_VERSION = 4.2;
				TARGETED_DEVICE_FAMILY = "1,2";
			};
			name = Debug;
		};
		680956FD209911F000035679 /* Release */ = {
			isa = XCBuildConfiguration;
			baseConfigurationReference = 8163BCCB57A19EACE22CF295 /* Pods-pigxel-city.release.xcconfig */;
			buildSettings = {
				ASSETCATALOG_COMPILER_APPICON_NAME = AppIcon;
				CODE_SIGN_STYLE = Automatic;
				DEVELOPMENT_TEAM = 9X329BRT6C;
				INFOPLIST_FILE = "pigxel-city/Info.plist";
				LD_RUNPATH_SEARCH_PATHS = "$(inherited) @executable_path/Frameworks";
				PRODUCT_BUNDLE_IDENTIFIER = "FannyFarm.pigxel-city";
				PRODUCT_NAME = "$(TARGET_NAME)";
				SWIFT_VERSION = 4.2;
				TARGETED_DEVICE_FAMILY = "1,2";
			};
			name = Release;
		};
/* End XCBuildConfiguration section */

/* Begin XCConfigurationList section */
		680956E4209911EC00035679 /* Build configuration list for PBXProject "pigxel-city" */ = {
			isa = XCConfigurationList;
			buildConfigurations = (
				680956F9209911F000035679 /* Debug */,
				680956FA209911F000035679 /* Release */,
			);
			defaultConfigurationIsVisible = 0;
			defaultConfigurationName = Release;
		};
		680956FB209911F000035679 /* Build configuration list for PBXNativeTarget "pigxel-city" */ = {
			isa = XCConfigurationList;
			buildConfigurations = (
				680956FC209911F000035679 /* Debug */,
				680956FD209911F000035679 /* Release */,
			);
			defaultConfigurationIsVisible = 0;
			defaultConfigurationName = Release;
		};
/* End XCConfigurationList section */
	};
	rootObject = 680956E1209911EC00035679 /* Project object */;
}
